
Microsoft Visual Studio Solution File, Format Version 12.00
# Visual Studio Version 17
VisualStudioVersion = 17.3.32901.215
MinimumVisualStudioVersion = 10.0.40219.1
Project("{FAE04EC0-301F-11D3-BF4B-00C04F79EFBC}") = "Calculator1", "Calculator1.csproj", "{F3988B7E-2B84-43C4-AF96-8076C17368F6}"
EndProject
Global
	GlobalSection(SolutionConfigurationPlatforms) = preSolution
		Debug|Any CPU = Debug|Any CPU
		Release|Any CPU = Release|Any CPU
	EndGlobalSection
	GlobalSection(ProjectConfigurationPlatforms) = postSolution
		{F3988B7E-2B84-43C4-AF96-8076C17368F6}.Debug|Any CPU.ActiveCfg = Debug|Any CPU
		{F3988B7E-2B84-43C4-AF96-8076C17368F6}.Debug|Any CPU.Build.0 = Debug|Any CPU
		{F3988B7E-2B84-43C4-AF96-8076C17368F6}.Release|Any CPU.ActiveCfg = Release|Any CPU
		{F3988B7E-2B84-43C4-AF96-8076C17368F6}.Release|Any CPU.Build.0 = Release|Any CPU
	EndGlobalSection
	GlobalSection(SolutionProperties) = preSolution
		HideSolutionNode = FALSE
	EndGlobalSection
	GlobalSection(ExtensibilityGlobals) = postSolution
		SolutionGuid = {A25954D2-7C28-4662-879C-5F02FE2474B0}
	EndGlobalSection
EndGlobal
